
Microsoft Visual Studio Solution File, Format Version 12.00
# Visual Studio Version 17
VisualStudioVersion = 17.1.32319.34
MinimumVisualStudioVersion = 10.0.40219.1
Project("{FAE04EC0-301F-11D3-BF4B-00C04F79EFBC}") = "Etap0", "Etap0\Etap0.csproj", "{BAE7DF5D-10A1-4BBE-8098-244392FBDDE0}"
EndProject
Project("{FAE04EC0-301F-11D3-BF4B-00C04F79EFBC}") = "TestEtap0", "TestEtap0\TestEtap0.csproj", "{D133B9C4-3135-4768-B6DA-CEA5768C3943}"
EndProject
Global
	GlobalSection(SolutionConfigurationPlatforms) = preSolution
		Debug|Any CPU = Debug|Any CPU
		Release|Any CPU = Release|Any CPU
	EndGlobalSection
	GlobalSection(ProjectConfigurationPlatforms) = postSolution
		{BAE7DF5D-10A1-4BBE-8098-244392FBDDE0}.Debug|Any CPU.ActiveCfg = Debug|Any CPU
		{BAE7DF5D-10A1-4BBE-8098-244392FBDDE0}.Debug|Any CPU.Build.0 = Debug|Any CPU
		{BAE7DF5D-10A1-4BBE-8098-244392FBDDE0}.Release|Any CPU.ActiveCfg = Release|Any CPU
		{BAE7DF5D-10A1-4BBE-8098-244392FBDDE0}.Release|Any CPU.Build.0 = Release|Any CPU
		{D133B9C4-3135-4768-B6DA-CEA5768C3943}.Debug|Any CPU.ActiveCfg = Debug|Any CPU
		{D133B9C4-3135-4768-B6DA-CEA5768C3943}.Debug|Any CPU.Build.0 = Debug|Any CPU
		{D133B9C4-3135-4768-B6DA-CEA5768C3943}.Release|Any CPU.ActiveCfg = Release|Any CPU
		{D133B9C4-3135-4768-B6DA-CEA5768C3943}.Release|Any CPU.Build.0 = Release|Any CPU
	EndGlobalSection
	GlobalSection(SolutionProperties) = preSolution
		HideSolutionNode = FALSE
	EndGlobalSection
	GlobalSection(ExtensibilityGlobals) = postSolution
		SolutionGuid = {02E55937-60A1-412A-8BE4-5BAF49678FEB}
	EndGlobalSection
EndGlobal
